
Microsoft Visual Studio Solution File, Format Version 12.00
# Visual Studio 15
VisualStudioVersion = 15.0.26730.3
MinimumVisualStudioVersion = 10.0.40219.1
Project("{FAE04EC0-301F-11D3-BF4B-00C04F79EFBC}") = "Seq.App.Discord", "Seq.App.Discord\Seq.App.Discord.csproj", "{90B02D98-6AD8-4385-846A-00896658FC16}"
EndProject
Global
	GlobalSection(SolutionConfigurationPlatforms) = preSolution
		Debug|Any CPU = Debug|Any CPU
		Release|Any CPU = Release|Any CPU
	EndGlobalSection
	GlobalSection(ProjectConfigurationPlatforms) = postSolution
		{90B02D98-6AD8-4385-846A-00896658FC16}.Debug|Any CPU.ActiveCfg = Debug|Any CPU
		{90B02D98-6AD8-4385-846A-00896658FC16}.Debug|Any CPU.Build.0 = Debug|Any CPU
		{90B02D98-6AD8-4385-846A-00896658FC16}.Release|Any CPU.ActiveCfg = Release|Any CPU
		{90B02D98-6AD8-4385-846A-00896658FC16}.Release|Any CPU.Build.0 = Release|Any CPU
	EndGlobalSection
	GlobalSection(SolutionProperties) = preSolution
		HideSolutionNode = FALSE
	EndGlobalSection
	GlobalSection(ExtensibilityGlobals) = postSolution
		SolutionGuid = {1369910F-2EB3-4CB1-8D48-E952BD9FBAEB}
	EndGlobalSection
EndGlobal
